
Microsoft Visual Studio Solution File, Format Version 12.00
# Visual Studio 15
VisualStudioVersion = 15.0.28307.438
MinimumVisualStudioVersion = 10.0.40219.1
Project("{FAE04EC0-301F-11D3-BF4B-00C04F79EFBC}") = "Assembler_MOV", "Assembler_MOV\Assembler_MOV.csproj", "{F26E06F8-90E4-42DF-96AE-C930407FE0F5}"
EndProject
Global
	GlobalSection(SolutionConfigurationPlatforms) = preSolution
		Debug|Any CPU = Debug|Any CPU
		Release|Any CPU = Release|Any CPU
	EndGlobalSection
	GlobalSection(ProjectConfigurationPlatforms) = postSolution
		{F26E06F8-90E4-42DF-96AE-C930407FE0F5}.Debug|Any CPU.ActiveCfg = Debug|Any CPU
		{F26E06F8-90E4-42DF-96AE-C930407FE0F5}.Debug|Any CPU.Build.0 = Debug|Any CPU
		{F26E06F8-90E4-42DF-96AE-C930407FE0F5}.Release|Any CPU.ActiveCfg = Release|Any CPU
		{F26E06F8-90E4-42DF-96AE-C930407FE0F5}.Release|Any CPU.Build.0 = Release|Any CPU
	EndGlobalSection
	GlobalSection(SolutionProperties) = preSolution
		HideSolutionNode = FALSE
	EndGlobalSection
	GlobalSection(ExtensibilityGlobals) = postSolution
		SolutionGuid = {907426E9-1645-421D-8A3A-97CB8948B67B}
	EndGlobalSection
EndGlobal
